
Microsoft Visual Studio Solution File, Format Version 12.00
# Visual Studio 15
VisualStudioVersion = 15.0.28010.2050
MinimumVisualStudioVersion = 10.0.40219.1
Project("{FAE04EC0-301F-11D3-BF4B-00C04F79EFBC}") = "CadenaDuplicada", "CadenaDuplicada\CadenaDuplicada.csproj", "{5D7C6C8E-4F14-48AB-A7C2-8226ED73CA38}"
EndProject
Global
	GlobalSection(SolutionConfigurationPlatforms) = preSolution
		Debug|Any CPU = Debug|Any CPU
		Release|Any CPU = Release|Any CPU
	EndGlobalSection
	GlobalSection(ProjectConfigurationPlatforms) = postSolution
		{5D7C6C8E-4F14-48AB-A7C2-8226ED73CA38}.Debug|Any CPU.ActiveCfg = Debug|Any CPU
		{5D7C6C8E-4F14-48AB-A7C2-8226ED73CA38}.Debug|Any CPU.Build.0 = Debug|Any CPU
		{5D7C6C8E-4F14-48AB-A7C2-8226ED73CA38}.Release|Any CPU.ActiveCfg = Release|Any CPU
		{5D7C6C8E-4F14-48AB-A7C2-8226ED73CA38}.Release|Any CPU.Build.0 = Release|Any CPU
	EndGlobalSection
	GlobalSection(SolutionProperties) = preSolution
		HideSolutionNode = FALSE
	EndGlobalSection
	GlobalSection(ExtensibilityGlobals) = postSolution
		SolutionGuid = {D648E5B2-E302-41FB-B8B0-AA06E1A3B5A5}
	EndGlobalSection
EndGlobal
